<Solution>
  <Configurations>
    <BuildType Name="DebugGame" />
    <BuildType Name="DebugGame Client" />
    <BuildType Name="DebugGame Editor" />
    <BuildType Name="DebugGame Server" />
    <BuildType Name="Development" />
    <BuildType Name="Development Client" />
    <BuildType Name="Development Editor" />
    <BuildType Name="Development Server" />
    <BuildType Name="Shipping" />
    <BuildType Name="Shipping Client" />
    <BuildType Name="Shipping Server" />
    <Platform Name="Win64" />
    <Platform Name="Win64-arm64" />
    <Platform Name="Win64-arm64ec" />
  </Configurations>
  <Folder Name="/Engine/">
    <Project Path="Intermediate/ProjectFiles/UE5.vcxproj" Id="3844306a-a399-3bc7-bcd3-7541ea90d229">
      <BuildType Project="BuiltWithUnrealBuildTool" />
      <Platform Project="Win64" />
      <Build Project="false" />
    </Project>
  </Folder>
  <Folder Name="/Games/" />
  <Folder Name="/Games/MY_SHOOTER/">
    <Project Path="Intermediate/ProjectFiles/LyraGameEOS.vcxproj" Id="56dc34a0-af90-302b-800d-42d8e33716f4">
      <BuildType Solution="DebugGame Client|*" Project="Invalid" />
      <BuildType Solution="DebugGame Editor|*" Project="Invalid" />
      <BuildType Solution="DebugGame Server|*" Project="Invalid" />
      <BuildType Solution="Development Client|*" Project="Invalid" />
      <BuildType Solution="Development Editor|*" Project="Invalid" />
      <BuildType Solution="Development Server|*" Project="Invalid" />
      <BuildType Solution="Shipping Client|*" Project="Invalid" />
      <BuildType Solution="Shipping Server|*" Project="Invalid" />
      <Platform Solution="*|Win64" Project="x64" />
      <Platform Solution="DebugGame Client|Win64-arm64" Project="x64" />
      <Platform Solution="DebugGame Client|Win64-arm64ec" Project="x64" />
      <Platform Solution="DebugGame Editor|Win64-arm64" Project="x64" />
      <Platform Solution="DebugGame Editor|Win64-arm64ec" Project="x64" />
      <Platform Solution="DebugGame Server|Win64-arm64" Project="x64" />
      <Platform Solution="DebugGame Server|Win64-arm64ec" Project="x64" />
      <Platform Solution="DebugGame|Win64-arm64" Project="arm64" />
      <Platform Solution="DebugGame|Win64-arm64ec" Project="arm64ec" />
      <Platform Solution="Development Client|Win64-arm64" Project="x64" />
      <Platform Solution="Development Client|Win64-arm64ec" Project="x64" />
      <Platform Solution="Development Editor|Win64-arm64" Project="x64" />
      <Platform Solution="Development Editor|Win64-arm64ec" Project="x64" />
      <Platform Solution="Development Server|Win64-arm64" Project="x64" />
      <Platform Solution="Development Server|Win64-arm64ec" Project="x64" />
      <Platform Solution="Development|Win64-arm64" Project="arm64" />
      <Platform Solution="Development|Win64-arm64ec" Project="arm64ec" />
      <Platform Solution="Shipping Client|Win64-arm64" Project="x64" />
      <Platform Solution="Shipping Client|Win64-arm64ec" Project="x64" />
      <Platform Solution="Shipping Server|Win64-arm64" Project="x64" />
      <Platform Solution="Shipping Server|Win64-arm64ec" Project="x64" />
      <Platform Solution="Shipping|Win64-arm64" Project="arm64" />
      <Platform Solution="Shipping|Win64-arm64ec" Project="arm64ec" />
      <Build Solution="DebugGame Client|*" Project="false" />
      <Build Solution="DebugGame Editor|*" Project="false" />
      <Build Solution="DebugGame Server|*" Project="false" />
      <Build Solution="Development Client|*" Project="false" />
      <Build Solution="Development Editor|*" Project="false" />
      <Build Solution="Development Server|*" Project="false" />
      <Build Solution="Shipping Client|*" Project="false" />
      <Build Solution="Shipping Server|*" Project="false" />
    </Project>
    <Project Path="Intermediate/ProjectFiles/MY_SHOOTER.vcxproj" Id="25a30afc-862a-32fa-8b1c-d6a0d1374eb7">
      <BuildType Solution="DebugGame Client|*" Project="DebugGame_Client" />
      <BuildType Solution="DebugGame Editor|*" Project="DebugGame_Editor" />
      <BuildType Solution="DebugGame Server|*" Project="DebugGame_Server" />
      <BuildType Solution="Development Client|*" Project="Development_Client" />
      <BuildType Solution="Development Editor|*" Project="Development_Editor" />
      <BuildType Solution="Development Server|*" Project="Development_Server" />
      <BuildType Solution="Shipping Client|*" Project="Shipping_Client" />
      <BuildType Solution="Shipping Server|*" Project="Shipping_Server" />
      <Platform Solution="*|Win64" Project="x64" />
      <Platform Solution="*|Win64-arm64" Project="arm64" />
      <Platform Solution="*|Win64-arm64ec" Project="arm64ec" />
    </Project>
  </Folder>
  <Folder Name="/Programs/">
    <Project Path="../../Games/UE_5.8/Engine/Source/Programs/AutomationTool/AutomationTool.csproj">
      <BuildType Project="Development" />
    </Project>
    <Project Path="../../Games/UE_5.8/Engine/Source/Programs/UnrealBuildTool/UnrealBuildTool.csproj">
      <BuildType Project="Development" />
    </Project>
  </Folder>
  <Folder Name="/Programs/Automation/">
    <Project Path="../../Games/UE_5.8/Engine/Platforms/VisionOS/Source/Programs/AutomationTool/VisionOS.Automation.csproj">
      <BuildType Project="Development" />
    </Project>
    <Project Path="../../Games/UE_5.8/Engine/Source/Programs/AutomationTool/Android/Android.Automation.csproj">
      <BuildType Project="Development" />
    </Project>
    <Project Path="../../Games/UE_5.8/Engine/Source/Programs/AutomationTool/Apple/Apple.Automation.csproj">
      <BuildType Project="Development" />
    </Project>
    <Project Path="../../Games/UE_5.8/Engine/Source/Programs/AutomationTool/AutomationUtils/AutomationUtils.Automation.csproj">
      <BuildType Project="Development" />
    </Project>
    <Project Path="../../Games/UE_5.8/Engine/Source/Programs/AutomationTool/BuildGraph/BuildGraph.Automation.csproj">
      <BuildType Project="Development" />
    </Project>
    <Project Path="../../Games/UE_5.8/Engine/Source/Programs/AutomationTool/CookedEditor/CookedEditor.Automation.csproj">
      <BuildType Project="Development" />
    </Project>
    <Project Path="../../Games/UE_5.8/Engine/Source/Programs/AutomationTool/CrowdinLocalization/CrowdinLocalization.Automation.csproj">
      <BuildType Project="Development" />
    </Project>
    <Project Path="../../Games/UE_5.8/Engine/Source/Programs/AutomationTool/Gauntlet/Gauntlet.Automation.csproj">
      <BuildType Project="Development" />
    </Project>
    <Project Path="../../Games/UE_5.8/Engine/Source/Programs/AutomationTool/Insights/Insights.Automation.csproj">
      <BuildType Project="Development" />
    </Project>
    <Project Path="../../Games/UE_5.8/Engine/Source/Programs/AutomationTool/IOS/IOS.Automation.csproj">
      <BuildType Project="Development" />
    </Project>
    <Project Path="../../Games/UE_5.8/Engine/Source/Programs/AutomationTool/Linux/Linux.Automation.csproj">
      <BuildType Project="Development" />
    </Project>
    <Project Path="../../Games/UE_5.8/Engine/Source/Programs/AutomationTool/LiveLinkHub/LiveLinkHub.Automation.csproj">
      <BuildType Project="Development" />
    </Project>
    <Project Path="../../Games/UE_5.8/Engine/Source/Programs/AutomationTool/Localization/Localization.Automation.csproj">
      <BuildType Project="Development" />
    </Project>
    <Project Path="../../Games/UE_5.8/Engine/Source/Programs/AutomationTool/LowLevelTests/LowLevelTests.Automation.csproj">
      <BuildType Project="Development" />
    </Project>
    <Project Path="../../Games/UE_5.8/Engine/Source/Programs/AutomationTool/Mac/Mac.Automation.csproj">
      <BuildType Project="Development" />
    </Project>
    <Project Path="../../Games/UE_5.8/Engine/Source/Programs/AutomationTool/Microsoft/Microsoft.Automation.csproj">
      <BuildType Project="Development" />
    </Project>
    <Project Path="../../Games/UE_5.8/Engine/Source/Programs/AutomationTool/Mutable/Mutable.Automation.csproj">
      <BuildType Project="Development" />
    </Project>
    <Project Path="../../Games/UE_5.8/Engine/Source/Programs/AutomationTool/OneSkyLocalization/OneSkyLocalization.Automation.csproj">
      <BuildType Project="Development" />
    </Project>
    <Project Path="../../Games/UE_5.8/Engine/Source/Programs/AutomationTool/Scripts/AutomationScripts.Automation.csproj">
      <BuildType Project="Development" />
    </Project>
    <Project Path="../../Games/UE_5.8/Engine/Source/Programs/AutomationTool/SmartlingLocalization/SmartlingLocalization.Automation.csproj">
      <BuildType Project="Development" />
    </Project>
    <Project Path="../../Games/UE_5.8/Engine/Source/Programs/AutomationTool/SteamDeck/SteamDeck.Automation.csproj">
      <BuildType Project="Development" />
    </Project>
    <Project Path="../../Games/UE_5.8/Engine/Source/Programs/AutomationTool/Turnkey/Turnkey.Automation.csproj">
      <BuildType Project="Development" />
    </Project>
    <Project Path="../../Games/UE_5.8/Engine/Source/Programs/AutomationTool/TVOS/TVOS.Automation.csproj">
      <BuildType Project="Development" />
    </Project>
    <Project Path="../../Games/UE_5.8/Engine/Source/Programs/AutomationTool/Win/Win.Automation.csproj">
      <BuildType Project="Development" />
    </Project>
    <Project Path="../../Games/UE_5.8/Engine/Source/Programs/AutomationTool/XLocLocalization/XLocLocalization.Automation.csproj">
      <BuildType Project="Development" />
    </Project>
  </Folder>
  <Folder Name="/Programs/Shared/">
    <Project Path="../../Games/UE_5.8/Engine/Source/Programs/Shared/EpicGames.Analytics.Generators/EpicGames.Analytics.Generators.csproj">
      <BuildType Project="Development" />
    </Project>
    <Project Path="../../Games/UE_5.8/Engine/Source/Programs/Shared/EpicGames.Analytics.PerformanceTrends/EpicGames.Analytics.PerformanceTrends.csproj">
      <BuildType Project="Development" />
    </Project>
    <Project Path="../../Games/UE_5.8/Engine/Source/Programs/Shared/EpicGames.Analytics.Telemetry/EpicGames.Analytics.Telemetry.csproj">
      <BuildType Project="Development" />
    </Project>
    <Project Path="../../Games/UE_5.8/Engine/Source/Programs/Shared/EpicGames.AspNet/EpicGames.AspNet.csproj">
      <BuildType Project="Development" />
    </Project>
    <Project Path="../../Games/UE_5.8/Engine/Source/Programs/Shared/EpicGames.Benchmarks/EpicGames.Benchmarks.csproj">
      <BuildType Project="Development" />
    </Project>
    <Project Path="../../Games/UE_5.8/Engine/Source/Programs/Shared/EpicGames.Build/EpicGames.Build.csproj">
      <BuildType Project="Development" />
    </Project>
    <Project Path="../../Games/UE_5.8/Engine/Source/Programs/Shared/EpicGames.BuildGraph/EpicGames.BuildGraph.csproj">
      <BuildType Project="Development" />
    </Project>
    <Project Path="../../Games/UE_5.8/Engine/Source/Programs/Shared/EpicGames.Core/EpicGames.Core.csproj">
      <BuildType Project="Development" />
    </Project>
    <Project Path="../../Games/UE_5.8/Engine/Source/Programs/Shared/EpicGames.Horde/EpicGames.Horde.csproj">
      <BuildType Project="Development" />
    </Project>
    <Project Path="../../Games/UE_5.8/Engine/Source/Programs/Shared/EpicGames.IoHash/EpicGames.IoHash.csproj">
      <BuildType Project="Development" />
    </Project>
    <Project Path="../../Games/UE_5.8/Engine/Source/Programs/Shared/EpicGames.LogMatchers/EpicGames.LogMatchers.csproj">
      <BuildType Project="Development" />
    </Project>
    <Project Path="../../Games/UE_5.8/Engine/Source/Programs/Shared/EpicGames.MongoDB/EpicGames.MongoDB.csproj">
      <BuildType Project="Development" />
    </Project>
    <Project Path="../../Games/UE_5.8/Engine/Source/Programs/Shared/EpicGames.MsBuild/EpicGames.MsBuild.csproj">
      <BuildType Project="Development" />
    </Project>
    <Project Path="../../Games/UE_5.8/Engine/Source/Programs/Shared/EpicGames.OIDC/EpicGames.OIDC.csproj">
      <BuildType Project="Development" />
    </Project>
    <Project Path="../../Games/UE_5.8/Engine/Source/Programs/Shared/EpicGames.Oodle/EpicGames.Oodle.csproj">
      <BuildType Project="Development" />
    </Project>
    <Project Path="../../Games/UE_5.8/Engine/Source/Programs/Shared/EpicGames.Perforce.Fixture/EpicGames.Perforce.Fixture.csproj">
      <BuildType Project="Development" />
    </Project>
    <Project Path="../../Games/UE_5.8/Engine/Source/Programs/Shared/EpicGames.Perforce.Managed/EpicGames.Perforce.Managed.csproj">
      <BuildType Project="Development" />
    </Project>
    <Project Path="../../Games/UE_5.8/Engine/Source/Programs/Shared/EpicGames.Perforce/EpicGames.Perforce.csproj">
      <BuildType Project="Development" />
    </Project>
    <Project Path="../../Games/UE_5.8/Engine/Source/Programs/Shared/EpicGames.ProjectStore/EpicGames.ProjectStore.csproj">
      <BuildType Project="Development" />
    </Project>
    <Project Path="../../Games/UE_5.8/Engine/Source/Programs/Shared/EpicGames.Redis/EpicGames.Redis.csproj">
      <BuildType Project="Development" />
    </Project>
    <Project Path="../../Games/UE_5.8/Engine/Source/Programs/Shared/EpicGames.ScriptBuild/EpicGames.ScriptBuild.csproj">
      <BuildType Project="Development" />
    </Project>
    <Project Path="../../Games/UE_5.8/Engine/Source/Programs/Shared/EpicGames.Serialization/EpicGames.Serialization.csproj">
      <BuildType Project="Development" />
    </Project>
    <Project Path="../../Games/UE_5.8/Engine/Source/Programs/Shared/EpicGames.Slack/EpicGames.Slack.csproj">
      <BuildType Project="Development" />
    </Project>
    <Project Path="../../Games/UE_5.8/Engine/Source/Programs/Shared/EpicGames.Tracing/EpicGames.Tracing.csproj">
      <BuildType Project="Development" />
    </Project>
    <Project Path="../../Games/UE_5.8/Engine/Source/Programs/Shared/EpicGames.UBA/EpicGames.UBA.csproj">
      <BuildType Project="Development" />
    </Project>
    <Project Path="../../Games/UE_5.8/Engine/Source/Programs/Shared/EpicGames.UHT/EpicGames.UHT.csproj">
      <BuildType Project="Development" />
    </Project>
  </Folder>
  <Folder Name="/Programs/UnrealBuildTool.Plugins/">
    <Project Path="../../Games/UE_5.8/Engine/Plugins/ScriptPlugin/Source/ScriptGeneratorUbtPlugin/ScriptGeneratorUbtPlugin.ubtplugin.csproj">
      <BuildType Project="Development" />
    </Project>
  </Folder>
  <Folder Name="/Rules/">
    <Project Path="../../Games/UE_5.8/Engine/Intermediate/Build/BuildRulesProjects/MarketplaceRules/MarketplaceRules.csproj">
      <BuildType Project="Development" />
    </Project>
    <Project Path="../../Games/UE_5.8/Engine/Intermediate/Build/BuildRulesProjects/UE5ProgramRules/UE5ProgramRules.csproj">
      <BuildType Project="Development" />
    </Project>
    <Project Path="../../Games/UE_5.8/Engine/Intermediate/Build/BuildRulesProjects/UE5Rules/UE5Rules.csproj">
      <BuildType Project="Development" />
    </Project>
    <Project Path="Intermediate/Build/BuildRulesProjects/MY_SHOOTERModuleRules/MY_SHOOTERModuleRules.csproj">
      <BuildType Project="Development" />
    </Project>
  </Folder>
  <Folder Name="/Visualizers/">
    <File Path="../../Games/UE_5.8/Engine/Extras/VisualStudioDebugging/Unreal.natjmc" />
    <File Path="../../Games/UE_5.8/Engine/Extras/VisualStudioDebugging/Unreal.natstepfilter" />
    <File Path="../../Games/UE_5.8/Engine/Extras/VisualStudioDebugging/Unreal.natvis" />
  </Folder>
  <Properties Name="ddbf523f-7eb6-4887-bd51-85a714ff87eb">
    <Property Name="AvailablePlatforms" Value="Win64" />
  </Properties>
</Solution>
